
Microsoft Visual Studio Solution File, Format Version 12.00
# Visual Studio 14
VisualStudioVersion = 14.0.24720.0
MinimumVisualStudioVersion = 10.0.40219.1
Project("{FAE04EC0-301F-11D3-BF4B-00C04F79EFBC}") = "WebApi", "CSharpFikalista\WebApi.csproj", "{0013B9C6-E3AA-4777-8F63-4CA6E2117734}"
EndProject
Project("{FAE04EC0-301F-11D3-BF4B-00C04F79EFBC}") = "Entity", "Entity\Entity.csproj", "{4FC97F28-4E6F-41A9-BCB3-3917016F59E0}"
EndProject
Project("{FAE04EC0-301F-11D3-BF4B-00C04F79EFBC}") = "Service", "Service\Service.csproj", "{1CA26C3B-B85E-4EEC-9F0C-53BBA29660DE}"
EndProject
Project("{FAE04EC0-301F-11D3-BF4B-00C04F79EFBC}") = "DataLayer", "DataLayer\DataLayer.csproj", "{9A8D6F9A-602F-4E58-B761-B9E1B8899159}"
EndProject
Global
	GlobalSection(SolutionConfigurationPlatforms) = preSolution
		Debug|Any CPU = Debug|Any CPU
		Release|Any CPU = Release|Any CPU
	EndGlobalSection
	GlobalSection(ProjectConfigurationPlatforms) = postSolution
		{0013B9C6-E3AA-4777-8F63-4CA6E2117734}.Debug|Any CPU.ActiveCfg = Debug|Any CPU
		{0013B9C6-E3AA-4777-8F63-4CA6E2117734}.Debug|Any CPU.Build.0 = Debug|Any CPU
		{0013B9C6-E3AA-4777-8F63-4CA6E2117734}.Release|Any CPU.ActiveCfg = Release|Any CPU
		{0013B9C6-E3AA-4777-8F63-4CA6E2117734}.Release|Any CPU.Build.0 = Release|Any CPU
		{4FC97F28-4E6F-41A9-BCB3-3917016F59E0}.Debug|Any CPU.ActiveCfg = Debug|Any CPU
		{4FC97F28-4E6F-41A9-BCB3-3917016F59E0}.Debug|Any CPU.Build.0 = Debug|Any CPU
		{4FC97F28-4E6F-41A9-BCB3-3917016F59E0}.Release|Any CPU.ActiveCfg = Release|Any CPU
		{4FC97F28-4E6F-41A9-BCB3-3917016F59E0}.Release|Any CPU.Build.0 = Release|Any CPU
		{1CA26C3B-B85E-4EEC-9F0C-53BBA29660DE}.Debug|Any CPU.ActiveCfg = Debug|Any CPU
		{1CA26C3B-B85E-4EEC-9F0C-53BBA29660DE}.Debug|Any CPU.Build.0 = Debug|Any CPU
		{1CA26C3B-B85E-4EEC-9F0C-53BBA29660DE}.Release|Any CPU.ActiveCfg = Release|Any CPU
		{1CA26C3B-B85E-4EEC-9F0C-53BBA29660DE}.Release|Any CPU.Build.0 = Release|Any CPU
		{9A8D6F9A-602F-4E58-B761-B9E1B8899159}.Debug|Any CPU.ActiveCfg = Debug|Any CPU
		{9A8D6F9A-602F-4E58-B761-B9E1B8899159}.Debug|Any CPU.Build.0 = Debug|Any CPU
		{9A8D6F9A-602F-4E58-B761-B9E1B8899159}.Release|Any CPU.ActiveCfg = Release|Any CPU
		{9A8D6F9A-602F-4E58-B761-B9E1B8899159}.Release|Any CPU.Build.0 = Release|Any CPU
	EndGlobalSection
	GlobalSection(SolutionProperties) = preSolution
		HideSolutionNode = FALSE
	EndGlobalSection
EndGlobal
